
Microsoft Visual Studio Solution File, Format Version 12.00
# Visual Studio 2012
Project("{FAE04EC0-301F-11D3-BF4B-00C04F79EFBC}") = "OvationTrendLook", "OvationTrendLook\OvationTrendLook.csproj", "{8D004285-CC8A-4878-B6F9-6A01DF540987}"
EndProject
Global
	GlobalSection(SolutionConfigurationPlatforms) = preSolution
		Debug|x86 = Debug|x86
		Release|x86 = Release|x86
	EndGlobalSection
	GlobalSection(ProjectConfigurationPlatforms) = postSolution
		{8D004285-CC8A-4878-B6F9-6A01DF540987}.Debug|x86.ActiveCfg = Debug|x86
		{8D004285-CC8A-4878-B6F9-6A01DF540987}.Debug|x86.Build.0 = Debug|x86
		{8D004285-CC8A-4878-B6F9-6A01DF540987}.Release|x86.ActiveCfg = Release|x86
		{8D004285-CC8A-4878-B6F9-6A01DF540987}.Release|x86.Build.0 = Release|x86
	EndGlobalSection
EndGlobal
